# This file is generated by running "yarn install" inside your project.
# Manual changes might be lost - proceed with caution!

__metadata:
  version: 8
  cacheKey: 10

"@discoveryjs/json-ext@npm:^0.5.0":
  version: 0.5.2
  resolution: "@discoveryjs/json-ext@npm:0.5.2"
  checksum: 10/0447653b340fe5e6629851b8ea8023b4d128de86b59c9889adf01149c1d4066443cde2701d78e428ec30747b5bbdb38a591864a707528eb6db25c51ffdb69279
  languageName: node
  linkType: hard

"@jridgewell/gen-mapping@npm:^0.3.5":
  version: 0.3.5
  resolution: "@jridgewell/gen-mapping@npm:0.3.5"
  dependencies:
    "@jridgewell/set-array": "npm:^1.2.1"
    "@jridgewell/sourcemap-codec": "npm:^1.4.10"
    "@jridgewell/trace-mapping": "npm:^0.3.24"
  checksum: 10/81587b3c4dd8e6c60252122937cea0c637486311f4ed208b52b62aae2e7a87598f63ec330e6cd0984af494bfb16d3f0d60d3b21d7e5b4aedd2602ff3fe9d32e2
  languageName: node
  linkType: hard

"@jridgewell/resolve-uri@npm:^3.1.0":
  version: 3.1.2
  resolution: "@jridgewell/resolve-uri@npm:3.1.2"
  checksum: 10/97106439d750a409c22c8bff822d648f6a71f3aa9bc8e5129efdc36343cd3096ddc4eeb1c62d2fe48e9bdd4db37b05d4646a17114ecebd3bbcacfa2de51c3c1d
  languageName: node
  linkType: hard

"@jridgewell/set-array@npm:^1.2.1":
  version: 1.2.1
  resolution: "@jridgewell/set-array@npm:1.2.1"
  checksum: 10/832e513a85a588f8ed4f27d1279420d8547743cc37fcad5a5a76fc74bb895b013dfe614d0eed9cb860048e6546b798f8f2652020b4b2ba0561b05caa8c654b10
  languageName: node
  linkType: hard

"@jridgewell/source-map@npm:^0.3.3":
  version: 0.3.6
  resolution: "@jridgewell/source-map@npm:0.3.6"
  dependencies:
    "@jridgewell/gen-mapping": "npm:^0.3.5"
    "@jridgewell/trace-mapping": "npm:^0.3.25"
  checksum: 10/0a9aca9320dc9044014ba0ef989b3a8411b0d778895553e3b7ca2ac0a75a20af4a5ad3f202acfb1879fa40466036a4417e1d5b38305baed8b9c1ebe6e4b3e7f5
  languageName: node
  linkType: hard

"@jridgewell/sourcemap-codec@npm:^1.4.10, @jridgewell/sourcemap-codec@npm:^1.4.14":
  version: 1.5.0
  resolution: "@jridgewell/sourcemap-codec@npm:1.5.0"
  checksum: 10/4ed6123217569a1484419ac53f6ea0d9f3b57e5b57ab30d7c267bdb27792a27eb0e4b08e84a2680aa55cc2f2b411ffd6ec3db01c44fdc6dc43aca4b55f8374fd
  languageName: node
  linkType: hard

"@jridgewell/trace-mapping@npm:^0.3.20, @jridgewell/trace-mapping@npm:^0.3.24, @jridgewell/trace-mapping@npm:^0.3.25":
  version: 0.3.25
  resolution: "@jridgewell/trace-mapping@npm:0.3.25"
  dependencies:
    "@jridgewell/resolve-uri": "npm:^3.1.0"
    "@jridgewell/sourcemap-codec": "npm:^1.4.14"
  checksum: 10/dced32160a44b49d531b80a4a2159dceab6b3ddf0c8e95a0deae4b0e894b172defa63d5ac52a19c2068e1fe7d31ea4ba931fbeec103233ecb4208953967120fc
  languageName: node
  linkType: hard

"@types/estree@npm:^1.0.5":
  version: 1.0.5
  resolution: "@types/estree@npm:1.0.5"
  checksum: 10/7de6d928dd4010b0e20c6919e1a6c27b61f8d4567befa89252055fad503d587ecb9a1e3eab1b1901f923964d7019796db810b7fd6430acb26c32866d126fd408
  languageName: node
  linkType: hard

"@types/json-schema@npm:^7.0.8":
  version: 7.0.15
  resolution: "@types/json-schema@npm:7.0.15"
  checksum: 10/1a3c3e06236e4c4aab89499c428d585527ce50c24fe8259e8b3926d3df4cfbbbcf306cfc73ddfb66cbafc973116efd15967020b0f738f63e09e64c7d260519e7
  languageName: node
  linkType: hard

"@types/node@npm:*":
  version: 14.14.16
  resolution: "@types/node@npm:14.14.16"
  checksum: 10/867b692f3de353013914d479c147a962504aa8d052ebd51b5f619d2f8245bca2de73beeaf105b560c30eae2b82c45b63f1658eade7adda2c09ec86d426cd0971
  languageName: node
  linkType: hard

"@webassemblyjs/ast@npm:1.12.1, @webassemblyjs/ast@npm:^1.12.1":
  version: 1.12.1
  resolution: "@webassemblyjs/ast@npm:1.12.1"
  dependencies:
    "@webassemblyjs/helper-numbers": "npm:1.11.6"
    "@webassemblyjs/helper-wasm-bytecode": "npm:1.11.6"
  checksum: 10/a775b0559437ae122d14fec0cfe59fdcaf5ca2d8ff48254014fd05d6797e20401e0f1518e628f9b06819aa085834a2534234977f9608b3f2e51f94b6e8b0bc43
  languageName: node
  linkType: hard

"@webassemblyjs/floating-point-hex-parser@npm:1.11.6":
  version: 1.11.6
  resolution: "@webassemblyjs/floating-point-hex-parser@npm:1.11.6"
  checksum: 10/29b08758841fd8b299c7152eda36b9eb4921e9c584eb4594437b5cd90ed6b920523606eae7316175f89c20628da14326801090167cc7fbffc77af448ac84b7e2
  languageName: node
  linkType: hard

"@webassemblyjs/helper-api-error@npm:1.11.6":
  version: 1.11.6
  resolution: "@webassemblyjs/helper-api-error@npm:1.11.6"
  checksum: 10/e8563df85161096343008f9161adb138a6e8f3c2cc338d6a36011aa55eabb32f2fd138ffe63bc278d009ada001cc41d263dadd1c0be01be6c2ed99076103689f
  languageName: node
  linkType: hard

"@webassemblyjs/helper-buffer@npm:1.12.1":
  version: 1.12.1
  resolution: "@webassemblyjs/helper-buffer@npm:1.12.1"
  checksum: 10/1d8705daa41f4d22ef7c6d422af4c530b84d69d0c253c6db5adec44d511d7caa66837803db5b1addcea611a1498fd5a67d2cf318b057a916283ae41ffb85ba8a
  languageName: node
  linkType: hard

"@webassemblyjs/helper-numbers@npm:1.11.6":
  version: 1.11.6
  resolution: "@webassemblyjs/helper-numbers@npm:1.11.6"
  dependencies:
    "@webassemblyjs/floating-point-hex-parser": "npm:1.11.6"
    "@webassemblyjs/helper-api-error": "npm:1.11.6"
    "@xtuc/long": "npm:4.2.2"
  checksum: 10/9ffd258ad809402688a490fdef1fd02222f20cdfe191c895ac215a331343292164e5033dbc0347f0f76f2447865c0b5c2d2e3304ee948d44f7aa27857028fd08
  languageName: node
  linkType: hard

"@webassemblyjs/helper-wasm-bytecode@npm:1.11.6":
  version: 1.11.6
  resolution: "@webassemblyjs/helper-wasm-bytecode@npm:1.11.6"
  checksum: 10/4ebf03e9c1941288c10e94e0f813f413f972bfaa1f09be2cc2e5577f300430906b61aa24d52f5ef2f894e8e24e61c6f7c39871d7e3d98bc69460e1b8e00bb20b
  languageName: node
  linkType: hard

"@webassemblyjs/helper-wasm-section@npm:1.12.1":
  version: 1.12.1
  resolution: "@webassemblyjs/helper-wasm-section@npm:1.12.1"
  dependencies:
    "@webassemblyjs/ast": "npm:1.12.1"
    "@webassemblyjs/helper-buffer": "npm:1.12.1"
    "@webassemblyjs/helper-wasm-bytecode": "npm:1.11.6"
    "@webassemblyjs/wasm-gen": "npm:1.12.1"
  checksum: 10/e91e6b28114e35321934070a2db8973a08a5cd9c30500b817214c683bbf5269ed4324366dd93ad83bf2fba0d671ac8f39df1c142bf58f70c57a827eeba4a3d2f
  languageName: node
  linkType: hard

"@webassemblyjs/ieee754@npm:1.11.6":
  version: 1.11.6
  resolution: "@webassemblyjs/ieee754@npm:1.11.6"
  dependencies:
    "@xtuc/ieee754": "npm:^1.2.0"
  checksum: 10/13574b8e41f6ca39b700e292d7edf102577db5650fe8add7066a320aa4b7a7c09a5056feccac7a74eb68c10dea9546d4461412af351f13f6b24b5f32379b49de
  languageName: node
  linkType: hard

"@webassemblyjs/leb128@npm:1.11.6":
  version: 1.11.6
  resolution: "@webassemblyjs/leb128@npm:1.11.6"
  dependencies:
    "@xtuc/long": "npm:4.2.2"
  checksum: 10/ec3b72db0e7ce7908fe08ec24395bfc97db486063824c0edc580f0973a4cfbadf30529569d9c7db663a56513e45b94299cca03be9e1992ea3308bb0744164f3d
  languageName: node
  linkType: hard

"@webassemblyjs/utf8@npm:1.11.6":
  version: 1.11.6
  resolution: "@webassemblyjs/utf8@npm:1.11.6"
  checksum: 10/361a537bd604101b320a5604c3c96d1038d83166f1b9fb86cedadc7e81bae54c3785ae5d90bf5b1842f7da08194ccaf0f44a64fcca0cbbd6afe1a166196986d6
  languageName: node
  linkType: hard

"@webassemblyjs/wasm-edit@npm:^1.12.1":
  version: 1.12.1
  resolution: "@webassemblyjs/wasm-edit@npm:1.12.1"
  dependencies:
    "@webassemblyjs/ast": "npm:1.12.1"
    "@webassemblyjs/helper-buffer": "npm:1.12.1"
    "@webassemblyjs/helper-wasm-bytecode": "npm:1.11.6"
    "@webassemblyjs/helper-wasm-section": "npm:1.12.1"
    "@webassemblyjs/wasm-gen": "npm:1.12.1"
    "@webassemblyjs/wasm-opt": "npm:1.12.1"
    "@webassemblyjs/wasm-parser": "npm:1.12.1"
    "@webassemblyjs/wast-printer": "npm:1.12.1"
  checksum: 10/5678ae02dbebba2f3a344e25928ea5a26a0df777166c9be77a467bfde7aca7f4b57ef95587e4bd768a402cdf2fddc4c56f0a599d164cdd9fe313520e39e18137
  languageName: node
  linkType: hard

"@webassemblyjs/wasm-gen@npm:1.12.1":
  version: 1.12.1
  resolution: "@webassemblyjs/wasm-gen@npm:1.12.1"
  dependencies:
    "@webassemblyjs/ast": "npm:1.12.1"
    "@webassemblyjs/helper-wasm-bytecode": "npm:1.11.6"
    "@webassemblyjs/ieee754": "npm:1.11.6"
    "@webassemblyjs/leb128": "npm:1.11.6"
    "@webassemblyjs/utf8": "npm:1.11.6"
  checksum: 10/ec45bd50e86bc9856f80fe9af4bc1ae5c98fb85f57023d11dff2b670da240c47a7b1b9b6c89755890314212bd167cf3adae7f1157216ddffb739a4ce589fc338
  languageName: node
  linkType: hard

"@webassemblyjs/wasm-opt@npm:1.12.1":
  version: 1.12.1
  resolution: "@webassemblyjs/wasm-opt@npm:1.12.1"
  dependencies:
    "@webassemblyjs/ast": "npm:1.12.1"
    "@webassemblyjs/helper-buffer": "npm:1.12.1"
    "@webassemblyjs/wasm-gen": "npm:1.12.1"
    "@webassemblyjs/wasm-parser": "npm:1.12.1"
  checksum: 10/21f25ae109012c49bb084e09f3b67679510429adc3e2408ad3621b2b505379d9cce337799a7919ef44db64e0d136833216914aea16b0d4856f353b9778e0cdb7
  languageName: node
  linkType: hard

"@webassemblyjs/wasm-parser@npm:1.12.1, @webassemblyjs/wasm-parser@npm:^1.12.1":
  version: 1.12.1
  resolution: "@webassemblyjs/wasm-parser@npm:1.12.1"
  dependencies:
    "@webassemblyjs/ast": "npm:1.12.1"
    "@webassemblyjs/helper-api-error": "npm:1.11.6"
    "@webassemblyjs/helper-wasm-bytecode": "npm:1.11.6"
    "@webassemblyjs/ieee754": "npm:1.11.6"
    "@webassemblyjs/leb128": "npm:1.11.6"
    "@webassemblyjs/utf8": "npm:1.11.6"
  checksum: 10/f7311685b76c3e1def2abea3488be1e77f06ecd8633143a6c5c943ca289660952b73785231bb76a010055ca64645227a4bc79705c26ab7536216891b6bb36320
  languageName: node
  linkType: hard

"@webassemblyjs/wast-printer@npm:1.12.1":
  version: 1.12.1
  resolution: "@webassemblyjs/wast-printer@npm:1.12.1"
  dependencies:
    "@webassemblyjs/ast": "npm:1.12.1"
    "@xtuc/long": "npm:4.2.2"
  checksum: 10/1a6a4b6bc4234f2b5adbab0cb11a24911b03380eb1cab6fb27a2250174a279fdc6aa2f5a9cf62dd1f6d4eb39f778f488e8ff15b9deb0670dee5c5077d46cf572
  languageName: node
  linkType: hard

"@webpack-cli/configtest@npm:^2.1.1":
  version: 2.1.1
  resolution: "@webpack-cli/configtest@npm:2.1.1"
  peerDependencies:
    webpack: 5.x.x
    webpack-cli: 5.x.x
  checksum: 10/9f9f9145c2d05471fc83d426db1df85cf49f329836b0c4b9f46b6948bed4b013464c00622b136d2a0a26993ce2306976682592245b08ee717500b1db45009a72
  languageName: node
  linkType: hard

"@webpack-cli/info@npm:^2.0.2":
  version: 2.0.2
  resolution: "@webpack-cli/info@npm:2.0.2"
  peerDependencies:
    webpack: 5.x.x
    webpack-cli: 5.x.x
  checksum: 10/8f9a178afca5c82e113aed1efa552d64ee5ae4fdff63fe747c096a981ec74f18a5d07bd6e89bbe6715c3e57d96eea024a410e58977169489fe1df044c10dd94e
  languageName: node
  linkType: hard

"@webpack-cli/serve@npm:^2.0.5":
  version: 2.0.5
  resolution: "@webpack-cli/serve@npm:2.0.5"
  peerDependencies:
    webpack: 5.x.x
    webpack-cli: 5.x.x
  peerDependenciesMeta:
    webpack-dev-server:
      optional: true
  checksum: 10/20424e5c1e664e4d7ab11facee7033bb729f6acd86493138069532934c1299c1426da72942822dedb00caca8fc60cc8aec1626e610ee0e8a9679e3614f555860
  languageName: node
  linkType: hard

"@xtuc/ieee754@npm:^1.2.0":
  version: 1.2.0
  resolution: "@xtuc/ieee754@npm:1.2.0"
  checksum: 10/ab033b032927d77e2f9fa67accdf31b1ca7440974c21c9cfabc8349e10ca2817646171c4f23be98d0e31896d6c2c3462a074fe37752e523abc3e45c79254259c
  languageName: node
  linkType: hard

"@xtuc/long@npm:4.2.2":
  version: 4.2.2
  resolution: "@xtuc/long@npm:4.2.2"
  checksum: 10/7217bae9fe240e0d804969e7b2af11cb04ec608837c78b56ca88831991b287e232a0b7fce8d548beaff42aaf0197ffa471d81be6ac4c4e53b0148025a2c076ec
  languageName: node
  linkType: hard

"acorn-import-attributes@npm:^1.9.5":
  version: 1.9.5
  resolution: "acorn-import-attributes@npm:1.9.5"
  peerDependencies:
    acorn: ^8
  checksum: 10/8bfbfbb6e2467b9b47abb4d095df717ab64fce2525da65eabee073e85e7975fb3a176b6c8bba17c99a7d8ede283a10a590272304eb54a93c4aa1af9790d47a8b
  languageName: node
  linkType: hard

"acorn@npm:^8.7.1, acorn@npm:^8.8.2":
  version: 8.12.1
  resolution: "acorn@npm:8.12.1"
  bin:
    acorn: bin/acorn
  checksum: 10/d08c2d122bba32d0861e0aa840b2ee25946c286d5dc5990abca991baf8cdbfbe199b05aacb221b979411a2fea36f83e26b5ac4f6b4e0ce49038c62316c1848f0
  languageName: node
  linkType: hard

"ajv-keywords@npm:^3.5.2":
  version: 3.5.2
  resolution: "ajv-keywords@npm:3.5.2"
  peerDependencies:
    ajv: ^6.9.1
  checksum: 10/d57c9d5bf8849bddcbd801b79bc3d2ddc736c2adb6b93a6a365429589dd7993ddbd5d37c6025ed6a7f89c27506b80131d5345c5b1fa6a97e40cd10a96bcd228c
  languageName: node
  linkType: hard

"ajv@npm:^6.12.5":
  version: 6.12.6
  resolution: "ajv@npm:6.12.6"
  dependencies:
    fast-deep-equal: "npm:^3.1.1"
    fast-json-stable-stringify: "npm:^2.0.0"
    json-schema-traverse: "npm:^0.4.1"
    uri-js: "npm:^4.2.2"
  checksum: 10/48d6ad21138d12eb4d16d878d630079a2bda25a04e745c07846a4ad768319533031e28872a9b3c5790fa1ec41aabdf2abed30a56e5a03ebc2cf92184b8ee306c
  languageName: node
  linkType: hard

"ansi-styles@npm:^4.1.0":
  version: 4.3.0
  resolution: "ansi-styles@npm:4.3.0"
  dependencies:
    color-convert: "npm:^2.0.1"
  checksum: 10/b4494dfbfc7e4591b4711a396bd27e540f8153914123dccb4cdbbcb514015ada63a3809f362b9d8d4f6b17a706f1d7bea3c6f974b15fa5ae76b5b502070889ff
  languageName: node
  linkType: hard

"braces@npm:^3.0.1":
  version: 3.0.2
  resolution: "braces@npm:3.0.2"
  dependencies:
    fill-range: "npm:^7.0.1"
  checksum: 10/966b1fb48d193b9d155f810e5efd1790962f2c4e0829f8440b8ad236ba009222c501f70185ef732fef17a4c490bb33a03b90dab0631feafbdf447da91e8165b1
  languageName: node
  linkType: hard

"browserslist@npm:^4.21.10":
  version: 4.23.3
  resolution: "browserslist@npm:4.23.3"
  dependencies:
    caniuse-lite: "npm:^1.0.30001646"
    electron-to-chromium: "npm:^1.5.4"
    node-releases: "npm:^2.0.18"
    update-browserslist-db: "npm:^1.1.0"
  bin:
    browserslist: cli.js
  checksum: 10/e266d18c6c6c5becf9a1a7aa264477677b9796387972e8fce34854bb33dc1666194dc28389780e5dc6566e68a95e87ece2ce222e1c4ca93c2b75b61dfebd5f1c
  languageName: node
  linkType: hard

"buffer-from@npm:^1.0.0":
  version: 1.1.1
  resolution: "buffer-from@npm:1.1.1"
  checksum: 10/ccc53b69736008bff764497367c4d24879ba7122bc619ee499ff47eef3a5b885ca496e87272e7ebffa0bec3804c83f84041c616f6e3318f40624e27c1d80f045
  languageName: node
  linkType: hard

"caniuse-lite@npm:^1.0.30001646":
  version: 1.0.30001653
  resolution: "caniuse-lite@npm:1.0.30001653"
  checksum: 10/cd9b1c0fe03249e593789a11a9ef14f987b385e60441748945916b19e74e7bc5c82c40d4836496a647586651898741aed1598ae0792114a9f0d7d7fdb2b7deb0
  languageName: node
  linkType: hard

"chalk@npm:^4.1.0":
  version: 4.1.2
  resolution: "chalk@npm:4.1.2"
  dependencies:
    ansi-styles: "npm:^4.1.0"
    supports-color: "npm:^7.1.0"
  checksum: 10/cb3f3e594913d63b1814d7ca7c9bafbf895f75fbf93b92991980610dfd7b48500af4e3a5d4e3a8f337990a96b168d7eb84ee55efdce965e2ee8efc20f8c8f139
  languageName: node
  linkType: hard

"chrome-trace-event@npm:^1.0.2":
  version: 1.0.2
  resolution: "chrome-trace-event@npm:1.0.2"
  dependencies:
    tslib: "npm:^1.9.0"
  checksum: 10/9fa8b567b9c01e588b6c554f099bbdfc9beffed0acd42deffe897f9a2e69c896e5f65623e0b88447836c266a7bcbeae24523dc00fa2ba269b079efde8c320f97
  languageName: node
  linkType: hard

"clone-deep@npm:^4.0.1":
  version: 4.0.1
  resolution: "clone-deep@npm:4.0.1"
  dependencies:
    is-plain-object: "npm:^2.0.4"
    kind-of: "npm:^6.0.2"
    shallow-clone: "npm:^3.0.0"
  checksum: 10/770f912fe4e6f21873c8e8fbb1e99134db3b93da32df271d00589ea4a29dbe83a9808a322c93f3bcaf8584b8b4fa6fc269fc8032efbaa6728e0c9886c74467d2
  languageName: node
  linkType: hard

"color-convert@npm:^2.0.1":
  version: 2.0.1
  resolution: "color-convert@npm:2.0.1"
  dependencies:
    color-name: "npm:~1.1.4"
  checksum: 10/fa00c91b4332b294de06b443923246bccebe9fab1b253f7fe1772d37b06a2269b4039a85e309abe1fe11b267b11c08d1d0473fda3badd6167f57313af2887a64
  languageName: node
  linkType: hard

"color-name@npm:~1.1.4":
  version: 1.1.4
  resolution: "color-name@npm:1.1.4"
  checksum: 10/b0445859521eb4021cd0fb0cc1a75cecf67fceecae89b63f62b201cca8d345baf8b952c966862a9d9a2632987d4f6581f0ec8d957dfacece86f0a7919316f610
  languageName: node
  linkType: hard

"colorette@npm:^2.0.14":
  version: 2.0.20
  resolution: "colorette@npm:2.0.20"
  checksum: 10/0b8de48bfa5d10afc160b8eaa2b9938f34a892530b2f7d7897e0458d9535a066e3998b49da9d21161c78225b272df19ae3a64d6df28b4c9734c0e55bbd02406f
  languageName: node
  linkType: hard

"commander@npm:^10.0.1":
  version: 10.0.1
  resolution: "commander@npm:10.0.1"
  checksum: 10/8799faa84a30da985802e661cc9856adfaee324d4b138413013ef7f087e8d7924b144c30a1f1405475f0909f467665cd9e1ce13270a2f41b141dab0b7a58f3fb
  languageName: node
  linkType: hard

"commander@npm:^2.20.0":
  version: 2.20.3
  resolution: "commander@npm:2.20.3"
  checksum: 10/90c5b6898610cd075984c58c4f88418a4fb44af08c1b1415e9854c03171bec31b336b7f3e4cefe33de994b3f12b03c5e2d638da4316df83593b9e82554e7e95b
  languageName: node
  linkType: hard

"cross-spawn@npm:^7.0.3":
  version: 7.0.3
  resolution: "cross-spawn@npm:7.0.3"
  dependencies:
    path-key: "npm:^3.1.0"
    shebang-command: "npm:^2.0.0"
    which: "npm:^2.0.1"
  checksum: 10/e1a13869d2f57d974de0d9ef7acbf69dc6937db20b918525a01dacb5032129bd552d290d886d981e99f1b624cb03657084cc87bd40f115c07ecf376821c729ce
  languageName: node
  linkType: hard

"dotenv@npm:^8.2.0":
  version: 8.2.0
  resolution: "dotenv@npm:8.2.0"
  checksum: 10/994ca227e18b550c52e59cf16bdeb73f31c3c0e80b34f16d4d7bc5d6a7cba23d745335034c4aa7388f9ae13a7f6a9e15f4d65b28ab6cb73b8ac68487e5f5b25e
  languageName: node
  linkType: hard

"electron-to-chromium@npm:^1.5.4":
  version: 1.5.13
  resolution: "electron-to-chromium@npm:1.5.13"
  checksum: 10/b3de6dbca66e399eacd4f7e2b7603394c8949c9e724d838a45e092725005ff435aabfbf00f738e45451eb23147684f7f9251a5ed75619a539642b2bccea20b45
  languageName: node
  linkType: hard

"enhanced-resolve@npm:^5.0.0, enhanced-resolve@npm:^5.17.1":
  version: 5.17.1
  resolution: "enhanced-resolve@npm:5.17.1"
  dependencies:
    graceful-fs: "npm:^4.2.4"
    tapable: "npm:^2.2.0"
  checksum: 10/e8e03cb7a4bf3c0250a89afbd29e5ec20e90ba5fcd026066232a0754864d7d0a393fa6fc0e5379314a6529165a1834b36731147080714459d98924520410d8f5
  languageName: node
  linkType: hard

"envinfo@npm:^7.7.3":
  version: 7.7.3
  resolution: "envinfo@npm:7.7.3"
  bin:
    envinfo: dist/cli.js
  checksum: 10/4b2d2a4abf2bfefd06f889360f4aab801e360cf61b7e662c3af34f76f0b9376a85b74591a9c65322090cd9647dbf4e5be37c7b82355f25c257a7c60177bd1793
  languageName: node
  linkType: hard

"es-module-lexer@npm:^1.2.1":
  version: 1.5.4
  resolution: "es-module-lexer@npm:1.5.4"
  checksum: 10/f29c7c97a58eb17640dcbd71bd6ef754ad4f58f95c3073894573d29dae2cad43ecd2060d97ed5b866dfb7804d5590fb7de1d2c5339a5fceae8bd60b580387fc5
  languageName: node
  linkType: hard

"escalade@npm:^3.1.2":
  version: 3.1.2
  resolution: "escalade@npm:3.1.2"
  checksum: 10/a1e07fea2f15663c30e40b9193d658397846ffe28ce0a3e4da0d8e485fedfeca228ab846aee101a05015829adf39f9934ff45b2a3fca47bed37a29646bd05cd3
  languageName: node
  linkType: hard

"eslint-scope@npm:5.1.1":
  version: 5.1.1
  resolution: "eslint-scope@npm:5.1.1"
  dependencies:
    esrecurse: "npm:^4.3.0"
    estraverse: "npm:^4.1.1"
  checksum: 10/c541ef384c92eb5c999b7d3443d80195fcafb3da335500946f6db76539b87d5826c8f2e1d23bf6afc3154ba8cd7c8e566f8dc00f1eea25fdf3afc8fb9c87b238
  languageName: node
  linkType: hard

"esrecurse@npm:^4.3.0":
  version: 4.3.0
  resolution: "esrecurse@npm:4.3.0"
  dependencies:
    estraverse: "npm:^5.2.0"
  checksum: 10/44ffcd89e714ea6b30143e7f119b104fc4d75e77ee913f34d59076b40ef2d21967f84e019f84e1fd0465b42cdbf725db449f232b5e47f29df29ed76194db8e16
  languageName: node
  linkType: hard

"estraverse@npm:^4.1.1":
  version: 4.3.0
  resolution: "estraverse@npm:4.3.0"
  checksum: 10/3f67ad02b6dbfaddd9ea459cf2b6ef4ecff9a6082a7af9d22e445b9abc082ad9ca47e1825557b293fcdae477f4714e561123e30bb6a5b2f184fb2bad4a9497eb
  languageName: node
  linkType: hard

"estraverse@npm:^5.2.0":
  version: 5.2.0
  resolution: "estraverse@npm:5.2.0"
  checksum: 10/9740a8fa4257682c1d6c14a0befc884af31e76013a97c647aed21aeb1766270e153e34cc06ab8d354a377bb6ed6b785b1f5deb1228ceb7e3792bf88fb79b2ce8
  languageName: node
  linkType: hard

"events@npm:^3.2.0":
  version: 3.2.0
  resolution: "events@npm:3.2.0"
  checksum: 10/c34693eb24378adb4a56746c5552b4d27bbce7576e65b3269dab7a4d12b3cb94fdeb9f5a0f446c1c8be2026d7876b6e1ef1d0c840d1170c98d7744993ff8d67c
  languageName: node
  linkType: hard

"fast-deep-equal@npm:^3.1.1":
  version: 3.1.3
  resolution: "fast-deep-equal@npm:3.1.3"
  checksum: 10/e21a9d8d84f53493b6aa15efc9cfd53dd5b714a1f23f67fb5dc8f574af80df889b3bce25dc081887c6d25457cce704e636395333abad896ccdec03abaf1f3f9d
  languageName: node
  linkType: hard

"fast-json-stable-stringify@npm:^2.0.0":
  version: 2.1.0
  resolution: "fast-json-stable-stringify@npm:2.1.0"
  checksum: 10/2c20055c1fa43c922428f16ca8bb29f2807de63e5c851f665f7ac9790176c01c3b40335257736b299764a8d383388dabc73c8083b8e1bc3d99f0a941444ec60e
  languageName: node
  linkType: hard

"fastest-levenshtein@npm:^1.0.12":
  version: 1.0.12
  resolution: "fastest-levenshtein@npm:1.0.12"
  checksum: 10/e1a013698dd1d302c7a78150130c7d50bb678c2c2f8839842a796d66cc7cdf50ea6b3d7ca930b0c8e7e8c2cd84fea8ab831023b382f7aab6922c318c1451beab
  languageName: node
  linkType: hard

"fill-range@npm:^7.0.1":
  version: 7.0.1
  resolution: "fill-range@npm:7.0.1"
  dependencies:
    to-regex-range: "npm:^5.0.1"
  checksum: 10/e260f7592fd196b4421504d3597cc76f4a1ca7a9488260d533b611fc3cefd61e9a9be1417cb82d3b01ad9f9c0ff2dbf258e1026d2445e26b0cf5148ff4250429
  languageName: node
  linkType: hard

"find-up@npm:^4.0.0":
  version: 4.1.0
  resolution: "find-up@npm:4.1.0"
  dependencies:
    locate-path: "npm:^5.0.0"
    path-exists: "npm:^4.0.0"
  checksum: 10/4c172680e8f8c1f78839486e14a43ef82e9decd0e74145f40707cc42e7420506d5ec92d9a11c22bd2c48fb0c384ea05dd30e10dd152fefeec6f2f75282a8b844
  languageName: node
  linkType: hard

"flat@npm:^5.0.2":
  version: 5.0.2
  resolution: "flat@npm:5.0.2"
  bin:
    flat: cli.js
  checksum: 10/72479e651c15eab53e25ce04c31bab18cfaac0556505cac19221dbbe85bbb9686bc76e4d397e89e5bf516ce667dcf818f8b07e585568edba55abc2bf1f698fb5
  languageName: node
  linkType: hard

"function-bind@npm:^1.1.2":
  version: 1.1.2
  resolution: "function-bind@npm:1.1.2"
  checksum: 10/185e20d20f10c8d661d59aac0f3b63b31132d492e1b11fcc2a93cb2c47257ebaee7407c38513efd2b35cafdf972d9beb2ea4593c1e0f3bf8f2744836928d7454
  languageName: node
  linkType: hard

"glob-to-regexp@npm:^0.4.1":
  version: 0.4.1
  resolution: "glob-to-regexp@npm:0.4.1"
  checksum: 10/9009529195a955c40d7b9690794aeff5ba665cc38f1519e111c58bb54366fd0c106bde80acf97ba4e533208eb53422c83b136611a54c5fefb1edd8dc267cb62e
  languageName: node
  linkType: hard

"graceful-fs@npm:^4.1.2, graceful-fs@npm:^4.2.4":
  version: 4.2.4
  resolution: "graceful-fs@npm:4.2.4"
  checksum: 10/4485e131bdbd386dca764dc962ea815512ed47b9d4245c49e5df70fc79472fcb21bc8e5abd99c4d488e3b3f369673ca0d4270687de9bc766ae64915c96f14d40
  languageName: node
  linkType: hard

"graceful-fs@npm:^4.2.11":
  version: 4.2.11
  resolution: "graceful-fs@npm:4.2.11"
  checksum: 10/bf152d0ed1dc159239db1ba1f74fdbc40cb02f626770dcd5815c427ce0688c2635a06ed69af364396da4636d0408fcf7d4afdf7881724c3307e46aff30ca49e2
  languageName: node
  linkType: hard

"has-flag@npm:^4.0.0":
  version: 4.0.0
  resolution: "has-flag@npm:4.0.0"
  checksum: 10/261a1357037ead75e338156b1f9452c016a37dcd3283a972a30d9e4a87441ba372c8b81f818cd0fbcd9c0354b4ae7e18b9e1afa1971164aef6d18c2b6095a8ad
  languageName: node
  linkType: hard

"hasown@npm:^2.0.2":
  version: 2.0.2
  resolution: "hasown@npm:2.0.2"
  dependencies:
    function-bind: "npm:^1.1.2"
  checksum: 10/7898a9c1788b2862cf0f9c345a6bec77ba4a0c0983c7f19d610c382343d4f98fa260686b225dfb1f88393a66679d2ec58ee310c1d6868c081eda7918f32cc70a
  languageName: node
  linkType: hard

"import-local@npm:^3.0.2":
  version: 3.0.2
  resolution: "import-local@npm:3.0.2"
  dependencies:
    pkg-dir: "npm:^4.2.0"
    resolve-cwd: "npm:^3.0.0"
  bin:
    import-local-fixture: fixtures/cli.js
  checksum: 10/c74d9f9484c878cda1de3434613c7ff72d5dadcf20e5482542232d7c2575b713ff88701d6675fcf09a3684cb23fb407c8b333b9cbc59438712723d058d8e976c
  languageName: node
  linkType: hard

"interpret@npm:^3.1.1":
  version: 3.1.1
  resolution: "interpret@npm:3.1.1"
  checksum: 10/bc9e11126949c4e6ff49b0b819e923a9adc8e8bf3f9d4f2d782de6d5f592774f6fee4457c10bd08c6a2146b4baee460ccb242c99e5397defa9c846af0d00505a
  languageName: node
  linkType: hard

"is-core-module@npm:^2.13.0":
  version: 2.15.1
  resolution: "is-core-module@npm:2.15.1"
  dependencies:
    hasown: "npm:^2.0.2"
  checksum: 10/77316d5891d5743854bcef2cd2f24c5458fb69fbc9705c12ca17d54a2017a67d0693bbf1ba8c77af376c0eef6bf6d1b27a4ab08e4db4e69914c3789bdf2ceec5
  languageName: node
  linkType: hard

"is-number@npm:^7.0.0":
  version: 7.0.0
  resolution: "is-number@npm:7.0.0"
  checksum: 10/6a6c3383f68afa1e05b286af866017c78f1226d43ac8cb064e115ff9ed85eb33f5c4f7216c96a71e4dfea289ef52c5da3aef5bbfade8ffe47a0465d70c0c8e86
  languageName: node
  linkType: hard

"is-plain-object@npm:^2.0.4":
  version: 2.0.4
  resolution: "is-plain-object@npm:2.0.4"
  dependencies:
    isobject: "npm:^3.0.1"
  checksum: 10/2a401140cfd86cabe25214956ae2cfee6fbd8186809555cd0e84574f88de7b17abacb2e477a6a658fa54c6083ecbda1e6ae404c7720244cd198903848fca70ca
  languageName: node
  linkType: hard

"isexe@npm:^2.0.0":
  version: 2.0.0
  resolution: "isexe@npm:2.0.0"
  checksum: 10/7c9f715c03aff08f35e98b1fadae1b9267b38f0615d501824f9743f3aab99ef10e303ce7db3f186763a0b70a19de5791ebfc854ff884d5a8c4d92211f642ec92
  languageName: node
  linkType: hard

"isobject@npm:^3.0.1":
  version: 3.0.1
  resolution: "isobject@npm:3.0.1"
  checksum: 10/db85c4c970ce30693676487cca0e61da2ca34e8d4967c2e1309143ff910c207133a969f9e4ddb2dc6aba670aabce4e0e307146c310350b298e74a31f7d464703
  languageName: node
  linkType: hard

"jest-worker@npm:^27.4.5":
  version: 27.5.1
  resolution: "jest-worker@npm:27.5.1"
  dependencies:
    "@types/node": "npm:*"
    merge-stream: "npm:^2.0.0"
    supports-color: "npm:^8.0.0"
  checksum: 10/06c6e2a84591d9ede704d5022fc13791e8876e83397c89d481b0063332abbb64c0f01ef4ca7de520b35c7a1058556078d6bdc3631376f4e9ffb42316c1a8488e
  languageName: node
  linkType: hard

"json-parse-even-better-errors@npm:^2.3.1":
  version: 2.3.1
  resolution: "json-parse-even-better-errors@npm:2.3.1"
  checksum: 10/5f3a99009ed5f2a5a67d06e2f298cc97bc86d462034173308156f15b43a6e850be8511dc204b9b94566305da2947f7d90289657237d210351a39059ff9d666cf
  languageName: node
  linkType: hard

"json-schema-traverse@npm:^0.4.1":
  version: 0.4.1
  resolution: "json-schema-traverse@npm:0.4.1"
  checksum: 10/7486074d3ba247769fda17d5181b345c9fb7d12e0da98b22d1d71a5db9698d8b4bd900a3ec1a4ffdd60846fc2556274a5c894d0c48795f14cb03aeae7b55260b
  languageName: node
  linkType: hard

"kind-of@npm:^6.0.2":
  version: 6.0.3
  resolution: "kind-of@npm:6.0.3"
  checksum: 10/5873d303fb36aad875b7538798867da2ae5c9e328d67194b0162a3659a627d22f742fc9c4ae95cd1704132a24b00cae5041fc00c0f6ef937dc17080dc4dbb962
  languageName: node
  linkType: hard

"loader-runner@npm:^4.2.0":
  version: 4.3.0
  resolution: "loader-runner@npm:4.3.0"
  checksum: 10/555ae002869c1e8942a0efd29a99b50a0ce6c3296efea95caf48f00d7f6f7f659203ed6613688b6181aa81dc76de3e65ece43094c6dffef3127fe1a84d973cd3
  languageName: node
  linkType: hard

"locate-path@npm:^5.0.0":
  version: 5.0.0
  resolution: "locate-path@npm:5.0.0"
  dependencies:
    p-locate: "npm:^4.1.0"
  checksum: 10/83e51725e67517287d73e1ded92b28602e3ae5580b301fe54bfb76c0c723e3f285b19252e375712316774cf52006cb236aed5704692c32db0d5d089b69696e30
  languageName: node
  linkType: hard

"max-for-live-lib@workspace:.":
  version: 0.0.0-use.local
  resolution: "max-for-live-lib@workspace:."
  dependencies:
    dotenv: "npm:^8.2.0"
    prettier: "npm:^3.3.3"
    ts-loader: "npm:^9.5.1"
    typescript: "npm:^5.5.3"
    webpack: "npm:^5.94.0"
    webpack-cli: "npm:^5.1.4"
    webpack-sources: "npm:^3.2.3"
  languageName: unknown
  linkType: soft

"merge-stream@npm:^2.0.0":
  version: 2.0.0
  resolution: "merge-stream@npm:2.0.0"
  checksum: 10/6fa4dcc8d86629705cea944a4b88ef4cb0e07656ebf223fa287443256414283dd25d91c1cd84c77987f2aec5927af1a9db6085757cb43d90eb170ebf4b47f4f4
  languageName: node
  linkType: hard

"micromatch@npm:^4.0.0":
  version: 4.0.2
  resolution: "micromatch@npm:4.0.2"
  dependencies:
    braces: "npm:^3.0.1"
    picomatch: "npm:^2.0.5"
  checksum: 10/231c5bc0ddad9fd37636aa28470ef88a57614967379b0081a4bb523bf72fca29f6436c896b80c1c07daa92b61436bcad933c8a4c44fa1fefba26421e45dc08d3
  languageName: node
  linkType: hard

"mime-db@npm:1.44.0":
  version: 1.44.0
  resolution: "mime-db@npm:1.44.0"
  checksum: 10/7cde7b1d8e9ac68033a40686a944f42f3007d0c58fb78ed5720ac999d9c724b9330ee15ba40338d93eb17653d769736955b104d9c52666b37b001791649f8d6a
  languageName: node
  linkType: hard

"mime-types@npm:^2.1.27":
  version: 2.1.27
  resolution: "mime-types@npm:2.1.27"
  dependencies:
    mime-db: "npm:1.44.0"
  checksum: 10/056a86257296dd7a73d6c74f8adb118c2dc8beaa4c46898042e275fcc85aaf2a33a8533cb4bd38c97a42512146e3c4fa0140c3a9508456260ee444474b7fc618
  languageName: node
  linkType: hard

"neo-async@npm:^2.6.2":
  version: 2.6.2
  resolution: "neo-async@npm:2.6.2"
  checksum: 10/1a7948fea86f2b33ec766bc899c88796a51ba76a4afc9026764aedc6e7cde692a09067031e4a1bf6db4f978ccd99e7f5b6c03fe47ad9865c3d4f99050d67e002
  languageName: node
  linkType: hard

"node-releases@npm:^2.0.18":
  version: 2.0.18
  resolution: "node-releases@npm:2.0.18"
  checksum: 10/241e5fa9556f1c12bafb83c6c3e94f8cf3d8f2f8f904906ecef6e10bcaa1d59aa61212d4651bec70052015fc54bd3fdcdbe7fc0f638a17e6685aa586c076ec4e
  languageName: node
  linkType: hard

"p-limit@npm:^2.2.0":
  version: 2.3.0
  resolution: "p-limit@npm:2.3.0"
  dependencies:
    p-try: "npm:^2.0.0"
  checksum: 10/84ff17f1a38126c3314e91ecfe56aecbf36430940e2873dadaa773ffe072dc23b7af8e46d4b6485d302a11673fe94c6b67ca2cfbb60c989848b02100d0594ac1
  languageName: node
  linkType: hard

"p-locate@npm:^4.1.0":
  version: 4.1.0
  resolution: "p-locate@npm:4.1.0"
  dependencies:
    p-limit: "npm:^2.2.0"
  checksum: 10/513bd14a455f5da4ebfcb819ef706c54adb09097703de6aeaa5d26fe5ea16df92b48d1ac45e01e3944ce1e6aa2a66f7f8894742b8c9d6e276e16cd2049a2b870
  languageName: node
  linkType: hard

"p-try@npm:^2.0.0":
  version: 2.2.0
  resolution: "p-try@npm:2.2.0"
  checksum: 10/f8a8e9a7693659383f06aec604ad5ead237c7a261c18048a6e1b5b85a5f8a067e469aa24f5bc009b991ea3b058a87f5065ef4176793a200d4917349881216cae
  languageName: node
  linkType: hard

"path-exists@npm:^4.0.0":
  version: 4.0.0
  resolution: "path-exists@npm:4.0.0"
  checksum: 10/505807199dfb7c50737b057dd8d351b82c033029ab94cb10a657609e00c1bc53b951cfdbccab8de04c5584d5eff31128ce6afd3db79281874a5ef2adbba55ed1
  languageName: node
  linkType: hard

"path-key@npm:^3.1.0":
  version: 3.1.1
  resolution: "path-key@npm:3.1.1"
  checksum: 10/55cd7a9dd4b343412a8386a743f9c746ef196e57c823d90ca3ab917f90ab9f13dd0ded27252ba49dbdfcab2b091d998bc446f6220cd3cea65db407502a740020
  languageName: node
  linkType: hard

"path-parse@npm:^1.0.7":
  version: 1.0.7
  resolution: "path-parse@npm:1.0.7"
  checksum: 10/49abf3d81115642938a8700ec580da6e830dde670be21893c62f4e10bd7dd4c3742ddc603fe24f898cba7eb0c6bc1777f8d9ac14185d34540c6d4d80cd9cae8a
  languageName: node
  linkType: hard

"picocolors@npm:^1.0.1":
  version: 1.0.1
  resolution: "picocolors@npm:1.0.1"
  checksum: 10/fa68166d1f56009fc02a34cdfd112b0dd3cf1ef57667ac57281f714065558c01828cdf4f18600ad6851cbe0093952ed0660b1e0156bddf2184b6aaf5817553a5
  languageName: node
  linkType: hard

"picomatch@npm:^2.0.5":
  version: 2.2.2
  resolution: "picomatch@npm:2.2.2"
  checksum: 10/9f645f6dd4292e6a2752659f5e09799b41069da0c965e260c0f64d47c331dd879c9469d73eeddba61409b7f383a46397129cd6340576a8584eee35247031773a
  languageName: node
  linkType: hard

"pkg-dir@npm:^4.2.0":
  version: 4.2.0
  resolution: "pkg-dir@npm:4.2.0"
  dependencies:
    find-up: "npm:^4.0.0"
  checksum: 10/9863e3f35132bf99ae1636d31ff1e1e3501251d480336edb1c211133c8d58906bed80f154a1d723652df1fda91e01c7442c2eeaf9dc83157c7ae89087e43c8d6
  languageName: node
  linkType: hard

"prettier@npm:^3.3.3":
  version: 3.3.3
  resolution: "prettier@npm:3.3.3"
  bin:
    prettier: bin/prettier.cjs
  checksum: 10/5beac1f30b5b40162532b8e2f7c3a4eb650910a2695e9c8512a62ffdc09dae93190c29db9107fa7f26d1b6c71aad3628ecb9b5de1ecb0911191099be109434d7
  languageName: node
  linkType: hard

"punycode@npm:^2.1.0":
  version: 2.1.1
  resolution: "punycode@npm:2.1.1"
  checksum: 10/939daa010c2cacebdb060c40ecb52fef0a739324a66f7fffe0f94353a1ee83e3b455e9032054c4a0c4977b0a28e27086f2171c392832b59a01bd948fd8e20914
  languageName: node
  linkType: hard

"randombytes@npm:^2.1.0":
  version: 2.1.0
  resolution: "randombytes@npm:2.1.0"
  dependencies:
    safe-buffer: "npm:^5.1.0"
  checksum: 10/4efd1ad3d88db77c2d16588dc54c2b52fd2461e70fe5724611f38d283857094fe09040fa2c9776366803c3152cf133171b452ef717592b65631ce5dc3a2bdafc
  languageName: node
  linkType: hard

"rechoir@npm:^0.8.0":
  version: 0.8.0
  resolution: "rechoir@npm:0.8.0"
  dependencies:
    resolve: "npm:^1.20.0"
  checksum: 10/ad3caed8afdefbc33fbc30e6d22b86c35b3d51c2005546f4e79bcc03c074df804b3640ad18945e6bef9ed12caedc035655ec1082f64a5e94c849ff939dc0a788
  languageName: node
  linkType: hard

"resolve-cwd@npm:^3.0.0":
  version: 3.0.0
  resolution: "resolve-cwd@npm:3.0.0"
  dependencies:
    resolve-from: "npm:^5.0.0"
  checksum: 10/546e0816012d65778e580ad62b29e975a642989108d9a3c5beabfb2304192fa3c9f9146fbdfe213563c6ff51975ae41bac1d3c6e047dd9572c94863a057b4d81
  languageName: node
  linkType: hard

"resolve-from@npm:^5.0.0":
  version: 5.0.0
  resolution: "resolve-from@npm:5.0.0"
  checksum: 10/be18a5e4d76dd711778664829841cde690971d02b6cbae277735a09c1c28f407b99ef6ef3cd585a1e6546d4097b28df40ed32c4a287b9699dcf6d7f208495e23
  languageName: node
  linkType: hard

"resolve@npm:^1.20.0":
  version: 1.22.8
  resolution: "resolve@npm:1.22.8"
  dependencies:
    is-core-module: "npm:^2.13.0"
    path-parse: "npm:^1.0.7"
    supports-preserve-symlinks-flag: "npm:^1.0.0"
  bin:
    resolve: bin/resolve
  checksum: 10/c473506ee01eb45cbcfefb68652ae5759e092e6b0fb64547feadf9736a6394f258fbc6f88e00c5ca36d5477fbb65388b272432a3600fa223062e54333c156753
  languageName: node
  linkType: hard

"resolve@patch:resolve@npm%3A^1.20.0#optional!builtin<compat/resolve>":
  version: 1.22.8
  resolution: "resolve@patch:resolve@npm%3A1.22.8#optional!builtin<compat/resolve>::version=1.22.8&hash=c3c19d"
  dependencies:
    is-core-module: "npm:^2.13.0"
    path-parse: "npm:^1.0.7"
    supports-preserve-symlinks-flag: "npm:^1.0.0"
  bin:
    resolve: bin/resolve
  checksum: 10/f345cd37f56a2c0275e3fe062517c650bb673815d885e7507566df589375d165bbbf4bdb6aa95600a9bc55f4744b81f452b5a63f95b9f10a72787dba3c90890a
  languageName: node
  linkType: hard

"safe-buffer@npm:^5.1.0":
  version: 5.2.1
  resolution: "safe-buffer@npm:5.2.1"
  checksum: 10/32872cd0ff68a3ddade7a7617b8f4c2ae8764d8b7d884c651b74457967a9e0e886267d3ecc781220629c44a865167b61c375d2da6c720c840ecd73f45d5d9451
  languageName: node
  linkType: hard

"schema-utils@npm:^3.1.1, schema-utils@npm:^3.2.0":
  version: 3.3.0
  resolution: "schema-utils@npm:3.3.0"
  dependencies:
    "@types/json-schema": "npm:^7.0.8"
    ajv: "npm:^6.12.5"
    ajv-keywords: "npm:^3.5.2"
  checksum: 10/2c7bbb1da967fdfd320e6cea538949006ec6e8c13ea560a4f94ff2c56809a8486fa5ec419e023452501a6befe1ca381e409c2798c24f4993c7c4094d97fdb258
  languageName: node
  linkType: hard

"semver@npm:^7.3.4":
  version: 7.6.3
  resolution: "semver@npm:7.6.3"
  bin:
    semver: bin/semver.js
  checksum: 10/36b1fbe1a2b6f873559cd57b238f1094a053dbfd997ceeb8757d79d1d2089c56d1321b9f1069ce263dc64cfa922fa1d2ad566b39426fe1ac6c723c1487589e10
  languageName: node
  linkType: hard

"serialize-javascript@npm:^6.0.1":
  version: 6.0.2
  resolution: "serialize-javascript@npm:6.0.2"
  dependencies:
    randombytes: "npm:^2.1.0"
  checksum: 10/445a420a6fa2eaee4b70cbd884d538e259ab278200a2ededd73253ada17d5d48e91fb1f4cd224a236ab62ea7ba0a70c6af29fc93b4f3d3078bf7da1c031fde58
  languageName: node
  linkType: hard

"shallow-clone@npm:^3.0.0":
  version: 3.0.1
  resolution: "shallow-clone@npm:3.0.1"
  dependencies:
    kind-of: "npm:^6.0.2"
  checksum: 10/e066bd540cfec5e1b0f78134853e0d892d1c8945fb9a926a579946052e7cb0c70ca4fc34f875a8083aa7910d751805d36ae64af250a6de6f3d28f9fa7be6c21b
  languageName: node
  linkType: hard

"shebang-command@npm:^2.0.0":
  version: 2.0.0
  resolution: "shebang-command@npm:2.0.0"
  dependencies:
    shebang-regex: "npm:^3.0.0"
  checksum: 10/6b52fe87271c12968f6a054e60f6bde5f0f3d2db483a1e5c3e12d657c488a15474121a1d55cd958f6df026a54374ec38a4a963988c213b7570e1d51575cea7fa
  languageName: node
  linkType: hard

"shebang-regex@npm:^3.0.0":
  version: 3.0.0
  resolution: "shebang-regex@npm:3.0.0"
  checksum: 10/1a2bcae50de99034fcd92ad4212d8e01eedf52c7ec7830eedcf886622804fe36884278f2be8be0ea5fde3fd1c23911643a4e0f726c8685b61871c8908af01222
  languageName: node
  linkType: hard

"source-map-support@npm:~0.5.20":
  version: 0.5.21
  resolution: "source-map-support@npm:0.5.21"
  dependencies:
    buffer-from: "npm:^1.0.0"
    source-map: "npm:^0.6.0"
  checksum: 10/8317e12d84019b31e34b86d483dd41d6f832f389f7417faf8fc5c75a66a12d9686e47f589a0554a868b8482f037e23df9d040d29387eb16fa14cb85f091ba207
  languageName: node
  linkType: hard

"source-map@npm:^0.6.0":
  version: 0.6.1
  resolution: "source-map@npm:0.6.1"
  checksum: 10/59ef7462f1c29d502b3057e822cdbdae0b0e565302c4dd1a95e11e793d8d9d62006cdc10e0fd99163ca33ff2071360cf50ee13f90440806e7ed57d81cba2f7ff
  languageName: node
  linkType: hard

"source-map@npm:^0.7.4":
  version: 0.7.4
  resolution: "source-map@npm:0.7.4"
  checksum: 10/a0f7c9b797eda93139842fd28648e868a9a03ea0ad0d9fa6602a0c1f17b7fb6a7dcca00c144476cccaeaae5042e99a285723b1a201e844ad67221bf5d428f1dc
  languageName: node
  linkType: hard

"supports-color@npm:^7.1.0":
  version: 7.2.0
  resolution: "supports-color@npm:7.2.0"
  dependencies:
    has-flag: "npm:^4.0.0"
  checksum: 10/c8bb7afd564e3b26b50ca6ee47572c217526a1389fe018d00345856d4a9b08ffbd61fadaf283a87368d94c3dcdb8f5ffe2650a5a65863e21ad2730ca0f05210a
  languageName: node
  linkType: hard

"supports-color@npm:^8.0.0":
  version: 8.1.1
  resolution: "supports-color@npm:8.1.1"
  dependencies:
    has-flag: "npm:^4.0.0"
  checksum: 10/157b534df88e39c5518c5e78c35580c1eca848d7dbaf31bbe06cdfc048e22c7ff1a9d046ae17b25691128f631a51d9ec373c1b740c12ae4f0de6e292037e4282
  languageName: node
  linkType: hard

"supports-preserve-symlinks-flag@npm:^1.0.0":
  version: 1.0.0
  resolution: "supports-preserve-symlinks-flag@npm:1.0.0"
  checksum: 10/a9dc19ae2220c952bd2231d08ddeecb1b0328b61e72071ff4000c8384e145cc07c1c0bdb3b5a1cb06e186a7b2790f1dee793418b332f6ddf320de25d9125be7e
  languageName: node
  linkType: hard

"tapable@npm:^2.1.1, tapable@npm:^2.2.0":
  version: 2.2.0
  resolution: "tapable@npm:2.2.0"
  checksum: 10/c3f3a0d941503454ab288dc73e6419e4e3ace42b69b91c1b8ba5bbcb73cccc736ad4db1f4e7aade72967fdb13c3dc2bdf2a798b21cf5f0bf14455a2df4e2e18a
  languageName: node
  linkType: hard

"terser-webpack-plugin@npm:^5.3.10":
  version: 5.3.10
  resolution: "terser-webpack-plugin@npm:5.3.10"
  dependencies:
    "@jridgewell/trace-mapping": "npm:^0.3.20"
    jest-worker: "npm:^27.4.5"
    schema-utils: "npm:^3.1.1"
    serialize-javascript: "npm:^6.0.1"
    terser: "npm:^5.26.0"
  peerDependencies:
    webpack: ^5.1.0
  peerDependenciesMeta:
    "@swc/core":
      optional: true
    esbuild:
      optional: true
    uglify-js:
      optional: true
  checksum: 10/fb1c2436ae1b4e983be043fa0a3d355c047b16b68f102437d08c736d7960c001e7420e2f722b9d99ce0dc70ca26a68cc63c0b82bc45f5b48671142b352a9d938
  languageName: node
  linkType: hard

"terser@npm:^5.26.0":
  version: 5.31.6
  resolution: "terser@npm:5.31.6"
  dependencies:
    "@jridgewell/source-map": "npm:^0.3.3"
    acorn: "npm:^8.8.2"
    commander: "npm:^2.20.0"
    source-map-support: "npm:~0.5.20"
  bin:
    terser: bin/terser
  checksum: 10/78057c58025151c9bdad82a050f0b51175f9fe3117d8ee369ca7effe038cdd540da2fd5985a4f8ee08dba5616e7911e1392d40670698ff42a49fec338d369e80
  languageName: node
  linkType: hard

"to-regex-range@npm:^5.0.1":
  version: 5.0.1
  resolution: "to-regex-range@npm:5.0.1"
  dependencies:
    is-number: "npm:^7.0.0"
  checksum: 10/10dda13571e1f5ad37546827e9b6d4252d2e0bc176c24a101252153ef435d83696e2557fe128c4678e4e78f5f01e83711c703eef9814eb12dab028580d45980a
  languageName: node
  linkType: hard

"ts-loader@npm:^9.5.1":
  version: 9.5.1
  resolution: "ts-loader@npm:9.5.1"
  dependencies:
    chalk: "npm:^4.1.0"
    enhanced-resolve: "npm:^5.0.0"
    micromatch: "npm:^4.0.0"
    semver: "npm:^7.3.4"
    source-map: "npm:^0.7.4"
  peerDependencies:
    typescript: "*"
    webpack: ^5.0.0
  checksum: 10/a85d43bb6f72858d613290ac02d1d24e81c38ba2dcb98b90465dc97eb6c2036bf9a389542c1a7865548643e7ed39f063fdff2dbb3e5aafbc511de6a3eb275adf
  languageName: node
  linkType: hard

"tslib@npm:^1.9.0":
  version: 1.14.1
  resolution: "tslib@npm:1.14.1"
  checksum: 10/7dbf34e6f55c6492637adb81b555af5e3b4f9cc6b998fb440dac82d3b42bdc91560a35a5fb75e20e24a076c651438234da6743d139e4feabf0783f3cdfe1dddb
  languageName: node
  linkType: hard

"typescript@npm:^5.5.3":
  version: 5.5.4
  resolution: "typescript@npm:5.5.4"
  bin:
    tsc: bin/tsc
    tsserver: bin/tsserver
  checksum: 10/1689ccafef894825481fc3d856b4834ba3cc185a9c2878f3c76a9a1ef81af04194849840f3c69e7961e2312771471bb3b460ca92561e1d87599b26c37d0ffb6f
  languageName: node
  linkType: hard

"typescript@patch:typescript@npm%3A^5.5.3#optional!builtin<compat/typescript>":
  version: 5.5.4
  resolution: "typescript@patch:typescript@npm%3A5.5.4#optional!builtin<compat/typescript>::version=5.5.4&hash=379a07"
  bin:
    tsc: bin/tsc
    tsserver: bin/tsserver
  checksum: 10/746fdd0865c5ce4f15e494c57ede03a9e12ede59cfdb40da3a281807853fe63b00ef1c912d7222143499aa82f18b8b472baa1830df8804746d09b55f6cf5b1cc
  languageName: node
  linkType: hard

"update-browserslist-db@npm:^1.1.0":
  version: 1.1.0
  resolution: "update-browserslist-db@npm:1.1.0"
  dependencies:
    escalade: "npm:^3.1.2"
    picocolors: "npm:^1.0.1"
  peerDependencies:
    browserslist: ">= 4.21.0"
  bin:
    update-browserslist-db: cli.js
  checksum: 10/d70b9efeaf4601aadb1a4f6456a7a5d9118e0063d995866b8e0c5e0cf559482671dab6ce7b079f9536b06758a344fbd83f974b965211e1c6e8d1958540b0c24c
  languageName: node
  linkType: hard

"uri-js@npm:^4.2.2":
  version: 4.4.0
  resolution: "uri-js@npm:4.4.0"
  dependencies:
    punycode: "npm:^2.1.0"
  checksum: 10/ef634609c6e5642c0fd54e0d4e6f01ebe956eab17f8d8fcb09b7e36055c63209e61c0d7920486430c56834fa4c9cb542932fa8dfc700adce229db69f28e0089a
  languageName: node
  linkType: hard

"watchpack@npm:^2.4.1":
  version: 2.4.2
  resolution: "watchpack@npm:2.4.2"
  dependencies:
    glob-to-regexp: "npm:^0.4.1"
    graceful-fs: "npm:^4.1.2"
  checksum: 10/6bd4c051d9af189a6c781c3158dcb3069f432a0c144159eeb0a44117412105c61b2b683a5c9eebc4324625e0e9b76536387d0ba354594fa6cbbdf1ef60bee4c3
  languageName: node
  linkType: hard

"webpack-cli@npm:^5.1.4":
  version: 5.1.4
  resolution: "webpack-cli@npm:5.1.4"
  dependencies:
    "@discoveryjs/json-ext": "npm:^0.5.0"
    "@webpack-cli/configtest": "npm:^2.1.1"
    "@webpack-cli/info": "npm:^2.0.2"
    "@webpack-cli/serve": "npm:^2.0.5"
    colorette: "npm:^2.0.14"
    commander: "npm:^10.0.1"
    cross-spawn: "npm:^7.0.3"
    envinfo: "npm:^7.7.3"
    fastest-levenshtein: "npm:^1.0.12"
    import-local: "npm:^3.0.2"
    interpret: "npm:^3.1.1"
    rechoir: "npm:^0.8.0"
    webpack-merge: "npm:^5.7.3"
  peerDependencies:
    webpack: 5.x.x
  peerDependenciesMeta:
    "@webpack-cli/generators":
      optional: true
    webpack-bundle-analyzer:
      optional: true
    webpack-dev-server:
      optional: true
  bin:
    webpack-cli: bin/cli.js
  checksum: 10/9ac3ae7c43b032051de2803d751bd3b44e1f226b931dcd56066a8e01b12734d49730903df9235e1eb1b67b2ee7451faf24a219c8f4a229c4f42c42e827eac44c
  languageName: node
  linkType: hard

"webpack-merge@npm:^5.7.3":
  version: 5.10.0
  resolution: "webpack-merge@npm:5.10.0"
  dependencies:
    clone-deep: "npm:^4.0.1"
    flat: "npm:^5.0.2"
    wildcard: "npm:^2.0.0"
  checksum: 10/fa46ab200f17d06c7cb49fc37ad91f15769753953c9724adac1061fa305a2a223cb37c3ed25a5f501580c91f11a0800990fe3814c70a77bf1aa5b3fca45a2ac6
  languageName: node
  linkType: hard

"webpack-sources@npm:^3.2.3":
  version: 3.2.3
  resolution: "webpack-sources@npm:3.2.3"
  checksum: 10/a661f41795d678b7526ae8a88cd1b3d8ce71a7d19b6503da8149b2e667fc7a12f9b899041c1665d39e38245ed3a59ab68de648ea31040c3829aa695a5a45211d
  languageName: node
  linkType: hard

"webpack@npm:^5.94.0":
  version: 5.94.0
  resolution: "webpack@npm:5.94.0"
  dependencies:
    "@types/estree": "npm:^1.0.5"
    "@webassemblyjs/ast": "npm:^1.12.1"
    "@webassemblyjs/wasm-edit": "npm:^1.12.1"
    "@webassemblyjs/wasm-parser": "npm:^1.12.1"
    acorn: "npm:^8.7.1"
    acorn-import-attributes: "npm:^1.9.5"
    browserslist: "npm:^4.21.10"
    chrome-trace-event: "npm:^1.0.2"
    enhanced-resolve: "npm:^5.17.1"
    es-module-lexer: "npm:^1.2.1"
    eslint-scope: "npm:5.1.1"
    events: "npm:^3.2.0"
    glob-to-regexp: "npm:^0.4.1"
    graceful-fs: "npm:^4.2.11"
    json-parse-even-better-errors: "npm:^2.3.1"
    loader-runner: "npm:^4.2.0"
    mime-types: "npm:^2.1.27"
    neo-async: "npm:^2.6.2"
    schema-utils: "npm:^3.2.0"
    tapable: "npm:^2.1.1"
    terser-webpack-plugin: "npm:^5.3.10"
    watchpack: "npm:^2.4.1"
    webpack-sources: "npm:^3.2.3"
  peerDependenciesMeta:
    webpack-cli:
      optional: true
  bin:
    webpack: bin/webpack.js
  checksum: 10/648449c5fbbb0839814116e3b2b044ac6c75a7ba272435155ddeb1e64dfaa2f8079be3adfbb691f648b69900756ce0f6fb73beab0ced3cf5e0fd46868b4593a6
  languageName: node
  linkType: hard

"which@npm:^2.0.1":
  version: 2.0.2
  resolution: "which@npm:2.0.2"
  dependencies:
    isexe: "npm:^2.0.0"
  bin:
    node-which: ./bin/node-which
  checksum: 10/4782f8a1d6b8fc12c65e968fea49f59752bf6302dc43036c3bf87da718a80710f61a062516e9764c70008b487929a73546125570acea95c5b5dcc8ac3052c70f
  languageName: node
  linkType: hard

"wildcard@npm:^2.0.0":
  version: 2.0.1
  resolution: "wildcard@npm:2.0.1"
  checksum: 10/e0c60a12a219e4b12065d1199802d81c27b841ed6ad6d9d28240980c73ceec6f856771d575af367cbec2982d9ae7838759168b551776577f155044f5a5ba843c
  languageName: node
  linkType: hard
